
Microsoft Visual Studio Solution File, Format Version 12.00
# Visual Studio Version 17
VisualStudioVersion = 17.12.35527.113
MinimumVisualStudioVersion = 10.0.40219.1
Project("{FAE04EC0-301F-11D3-BF4B-00C04F79EFBC}") = "DreamDay", "DreamDay.csproj", "{3D6CDC64-7F41-4D6F-A40A-7676D9BD889D}"
EndProject
Global
	GlobalSection(SolutionConfigurationPlatforms) = preSolution
		Debug|Any CPU = Debug|Any CPU
		Release|Any CPU = Release|Any CPU
	EndGlobalSection
	GlobalSection(ProjectConfigurationPlatforms) = postSolution
		{3D6CDC64-7F41-4D6F-A40A-7676D9BD889D}.Debug|Any CPU.ActiveCfg = Debug|Any CPU
		{3D6CDC64-7F41-4D6F-A40A-7676D9BD889D}.Debug|Any CPU.Build.0 = Debug|Any CPU
		{3D6CDC64-7F41-4D6F-A40A-7676D9BD889D}.Release|Any CPU.ActiveCfg = Release|Any CPU
		{3D6CDC64-7F41-4D6F-A40A-7676D9BD889D}.Release|Any CPU.Build.0 = Release|Any CPU
	EndGlobalSection
	GlobalSection(SolutionProperties) = preSolution
		HideSolutionNode = FALSE
	EndGlobalSection
EndGlobal
